
Microsoft Visual Studio Solution File, Format Version 12.00
# Visual Studio 15
VisualStudioVersion = 15.0.28010.2016
MinimumVisualStudioVersion = 10.0.40219.1
Project("{FAE04EC0-301F-11D3-BF4B-00C04F79EFBC}") = "qmqclient", "qmqclient\qmqclient.csproj", "{72FD83C9-686F-4FE8-9184-3C6DDB1DF6ED}"
EndProject
Global
	GlobalSection(SolutionConfigurationPlatforms) = preSolution
		Debug|Any CPU = Debug|Any CPU
		Release|Any CPU = Release|Any CPU
	EndGlobalSection
	GlobalSection(ProjectConfigurationPlatforms) = postSolution
		{72FD83C9-686F-4FE8-9184-3C6DDB1DF6ED}.Debug|Any CPU.ActiveCfg = Debug|Any CPU
		{72FD83C9-686F-4FE8-9184-3C6DDB1DF6ED}.Debug|Any CPU.Build.0 = Debug|Any CPU
		{72FD83C9-686F-4FE8-9184-3C6DDB1DF6ED}.Release|Any CPU.ActiveCfg = Release|Any CPU
		{72FD83C9-686F-4FE8-9184-3C6DDB1DF6ED}.Release|Any CPU.Build.0 = Release|Any CPU
	EndGlobalSection
	GlobalSection(SolutionProperties) = preSolution
		HideSolutionNode = FALSE
	EndGlobalSection
	GlobalSection(ExtensibilityGlobals) = postSolution
		SolutionGuid = {2A2491AD-B436-4D1E-90B4-30C50F8F6D32}
	EndGlobalSection
EndGlobal
